
Microsoft Visual Studio Solution File, Format Version 12.00
# Visual Studio Version 17
VisualStudioVersion = 17.7.34024.191
MinimumVisualStudioVersion = 10.0.40219.1
Project("{FAE04EC0-301F-11D3-BF4B-00C04F79EFBC}") = "SuperCoolFightingGame", "SuperCoolFightingGame\SuperCoolFightingGame.csproj", "{728CA99F-D1EE-4AF3-9BA2-C289BA026A14}"
EndProject
Global
	GlobalSection(SolutionConfigurationPlatforms) = preSolution
		Debug|Any CPU = Debug|Any CPU
		Release|Any CPU = Release|Any CPU
	EndGlobalSection
	GlobalSection(ProjectConfigurationPlatforms) = postSolution
		{728CA99F-D1EE-4AF3-9BA2-C289BA026A14}.Debug|Any CPU.ActiveCfg = Debug|Any CPU
		{728CA99F-D1EE-4AF3-9BA2-C289BA026A14}.Debug|Any CPU.Build.0 = Debug|Any CPU
		{728CA99F-D1EE-4AF3-9BA2-C289BA026A14}.Release|Any CPU.ActiveCfg = Release|Any CPU
		{728CA99F-D1EE-4AF3-9BA2-C289BA026A14}.Release|Any CPU.Build.0 = Release|Any CPU
	EndGlobalSection
	GlobalSection(SolutionProperties) = preSolution
		HideSolutionNode = FALSE
	EndGlobalSection
	GlobalSection(ExtensibilityGlobals) = postSolution
		SolutionGuid = {02F341C3-EB9C-4FBE-B654-FFEC9FE5557B}
	EndGlobalSection
EndGlobal
